
Microsoft Visual Studio Solution File, Format Version 12.00
# Visual Studio Version 17
VisualStudioVersion = 17.4.33103.184
MinimumVisualStudioVersion = 10.0.40219.1
Project("{FAE04EC0-301F-11D3-BF4B-00C04F79EFBC}") = "MAAS-TXIStandalone", "MAAS-TXIStandalone.csproj", "{34E7F492-E166-45F8-A8B0-EF49347B7207}"
EndProject
Global
	GlobalSection(SolutionConfigurationPlatforms) = preSolution
		Debug|Any CPU = Debug|Any CPU
		Release|Any CPU = Release|Any CPU
	EndGlobalSection
	GlobalSection(ProjectConfigurationPlatforms) = postSolution
		{34E7F492-E166-45F8-A8B0-EF49347B7207}.Debug|Any CPU.ActiveCfg = Debug|Any CPU
		{34E7F492-E166-45F8-A8B0-EF49347B7207}.Debug|Any CPU.Build.0 = Debug|Any CPU
		{34E7F492-E166-45F8-A8B0-EF49347B7207}.Release|Any CPU.ActiveCfg = Release|Any CPU
		{34E7F492-E166-45F8-A8B0-EF49347B7207}.Release|Any CPU.Build.0 = Release|Any CPU
	EndGlobalSection
	GlobalSection(SolutionProperties) = preSolution
		HideSolutionNode = FALSE
	EndGlobalSection
	GlobalSection(ExtensibilityGlobals) = postSolution
		SolutionGuid = {A9F74958-7919-4AE4-9A5F-BF1A950A89CD}
	EndGlobalSection
EndGlobal
