
Microsoft Visual Studio Solution File, Format Version 12.00
# Visual Studio Version 17
VisualStudioVersion = 17.4.33103.184
MinimumVisualStudioVersion = 10.0.40219.1
Project("{FAE04EC0-301F-11D3-BF4B-00C04F79EFBC}") = "MAAS-SFRThelper", "MAAS-SFRThelper.csproj", "{2FC15AB5-D196-45CB-AD50-CF6B7C7AB038}"
EndProject
Global
	GlobalSection(SolutionConfigurationPlatforms) = preSolution
		Debug|Any CPU = Debug|Any CPU
		Debug|x64 = Debug|x64
		Debug|x86 = Debug|x86
		Release|Any CPU = Release|Any CPU
		Release|x64 = Release|x64
		Release|x86 = Release|x86
	EndGlobalSection
	GlobalSection(ProjectConfigurationPlatforms) = postSolution
		{2FC15AB5-D196-45CB-AD50-CF6B7C7AB038}.Debug|Any CPU.ActiveCfg = Debug|Any CPU
		{2FC15AB5-D196-45CB-AD50-CF6B7C7AB038}.Debug|Any CPU.Build.0 = Debug|Any CPU
		{2FC15AB5-D196-45CB-AD50-CF6B7C7AB038}.Debug|x64.ActiveCfg = Debug|x64
		{2FC15AB5-D196-45CB-AD50-CF6B7C7AB038}.Debug|x64.Build.0 = Debug|x64
		{2FC15AB5-D196-45CB-AD50-CF6B7C7AB038}.Debug|x86.ActiveCfg = Debug|x86
		{2FC15AB5-D196-45CB-AD50-CF6B7C7AB038}.Debug|x86.Build.0 = Debug|x86
		{2FC15AB5-D196-45CB-AD50-CF6B7C7AB038}.Release|Any CPU.ActiveCfg = Release|Any CPU
		{2FC15AB5-D196-45CB-AD50-CF6B7C7AB038}.Release|Any CPU.Build.0 = Release|Any CPU
		{2FC15AB5-D196-45CB-AD50-CF6B7C7AB038}.Release|x64.ActiveCfg = Release|x64
		{2FC15AB5-D196-45CB-AD50-CF6B7C7AB038}.Release|x64.Build.0 = Release|x64
		{2FC15AB5-D196-45CB-AD50-CF6B7C7AB038}.Release|x86.ActiveCfg = Release|x64
		{2FC15AB5-D196-45CB-AD50-CF6B7C7AB038}.Release|x86.Build.0 = Release|x64
	EndGlobalSection
	GlobalSection(SolutionProperties) = preSolution
		HideSolutionNode = FALSE
	EndGlobalSection
	GlobalSection(ExtensibilityGlobals) = postSolution
		SolutionGuid = {821451F9-8590-4AEE-8BA8-E8F454B9D72A}
	EndGlobalSection
EndGlobal
