
Microsoft Visual Studio Solution File, Format Version 12.00
# Visual Studio 15
VisualStudioVersion = 15.0.28307.329
MinimumVisualStudioVersion = 10.0.40219.1
Project("{FAE04EC0-301F-11D3-BF4B-00C04F79EFBC}") = "gridTest", "gridTest\gridTest.csproj", "{11BE6232-7A22-4D8B-9C12-41A379EAC08A}"
EndProject
Global
	GlobalSection(SolutionConfigurationPlatforms) = preSolution
		Debug|Any CPU = Debug|Any CPU
		Release|Any CPU = Release|Any CPU
	EndGlobalSection
	GlobalSection(ProjectConfigurationPlatforms) = postSolution
		{11BE6232-7A22-4D8B-9C12-41A379EAC08A}.Debug|Any CPU.ActiveCfg = Debug|Any CPU
		{11BE6232-7A22-4D8B-9C12-41A379EAC08A}.Debug|Any CPU.Build.0 = Debug|Any CPU
		{11BE6232-7A22-4D8B-9C12-41A379EAC08A}.Release|Any CPU.ActiveCfg = Release|Any CPU
		{11BE6232-7A22-4D8B-9C12-41A379EAC08A}.Release|Any CPU.Build.0 = Release|Any CPU
	EndGlobalSection
	GlobalSection(SolutionProperties) = preSolution
		HideSolutionNode = FALSE
	EndGlobalSection
	GlobalSection(ExtensibilityGlobals) = postSolution
		SolutionGuid = {A2125083-13FA-40FD-A640-732ACCE4736C}
	EndGlobalSection
EndGlobal
